dependencies:
  espressif/button:
    component_hash: 4ed25fcf354b48aa5e5680b9e7549e38d7738f9b613c94a2e39119c100db9c95
    dependencies:
    - name: espressif/cmake_utilities
      registry_url: https://components.espressif.com
      require: private
      version: '*'
    - name: idf
      require: private
      version: '>=4.0'
    source:
      registry_url: https://components.espressif.com/
      type: service
    version: 4.1.4
  espressif/cmake_utilities:
    component_hash: 05165f30922b422b4b90c08845e6d449329b97370fbd06309803d8cb539d79e3
    dependencies:
    - name: idf
      require: private
      version: '>=4.1'
    source:
      registry_url: https://components.espressif.com
      type: service
    version: 1.1.1
  espressif/esp-idf-cxx:
    component_hash: 2fa63e4e725f0c2d3dd6d99da8a91d404b4b49667088b1be0f336eb9c13ff17f
    dependencies:
    - name: idf
      require: private
      version: '>=5.0'
    source:
      registry_url: https://components.espressif.com/
      type: service
    version: 1.0.2-beta
  espressif/esp_lvgl_port:
    component_hash: 63189e2fc4d9b176bd92061f7bd0ab00c0ad9b8830d34757188ab5353adcb122
    dependencies:
    - name: idf
      version: '>=5.1'
    - name: lvgl/lvgl
      public: true
      version: '>=8,<10'
    source:
      git: https://github.com/espressif/esp-bsp.git
      path: components/esp_lvgl_port
      type: git
    version: 21c6cd051751304c80d699c850b12c310b6f9a1d
  hiruna/esp-idf-aw9364:
    component_hash: 4564086e52d5a39b267243f32cf9318b3ff9ae43180634f533b5a970b8812e8c
    dependencies: []
    source:
      git: https://github.com/hvogeler/esp-idf-aw9364.git
      path: .
      type: git
    version: 88960d249a5219e4e4a2f0715b9444954b005e93
  hvo/bmp280:
    component_hash: f132962b020673398d81d3e606e85ed7a7d74ed13892bc143733a0e47cad946e
    dependencies:
    - name: idf
      version: '>=5.0.0'
    - git: https://github.com/hvogeler/esp-components.git
      name: hvo/i2c
      path: i2c
      version: '*'
    source:
      git: https://github.com/hvogeler/esp-components.git
      path: bmp280
      type: git
    version: 18c231a8088de166ab1683f2c9254f4170a233e1
  hvo/i2c:
    component_hash: cef5f0f0c4dedd1d6708da3f54036ff311ee1959cb2e36d8be27560f2d0349cf
    dependencies:
    - name: idf
      version: '>=5.0.0'
    source:
      git: https://github.com/hvogeler/esp-components.git
      path: i2c
      type: git
    version: 18c231a8088de166ab1683f2c9254f4170a233e1
  hvo/tdisplays3:
    component_hash: ab84a0e5bdf7f452f109e2b2c59decc1ca0107481cd5a07d2fa024997f4ab0bb
    dependencies:
    - name: idf
      version: '>=5.0.0'
    - git: https://github.com/hvogeler/esp-idf-aw9364.git
      name: hiruna/esp-idf-aw9364
      version: main
    source:
      git: https://github.com/hvogeler/esp-components.git
      path: tdisplays3
      type: git
    version: 18c231a8088de166ab1683f2c9254f4170a233e1
  idf:
    source:
      type: idf
    version: 5.5.2
  lvgl/lvgl:
    component_hash: 17e68bfd21f0edf4c3ee838e2273da840bf3930e5dbc3bfa6c1190c3aed41f9f
    dependencies: []
    source:
      registry_url: https://components.espressif.com/
      type: service
    version: 9.4.0
direct_dependencies:
- espressif/button
- espressif/esp-idf-cxx
- espressif/esp_lvgl_port
- hiruna/esp-idf-aw9364
- hvo/bmp280
- hvo/i2c
- hvo/tdisplays3
- idf
- lvgl/lvgl
manifest_hash: 0e89691f20c45d5a822222f5ff5bf58aac781f7c15278390e584d03c8955adaf
target: esp32s3
version: 2.0.0
