dependencies:
  espressif/button:
    component_hash: fccb18c37f1cfe0797b74a53a44d3f400f5fd01f4993b40052dfb7f401915089
    dependencies:
    - name: espressif/cmake_utilities
      registry_url: https://components.espressif.com
      require: private
      version: '*'
    - name: idf
      require: private
      version: '>=4.0'
    source:
      registry_url: https://components.espressif.com/
      type: service
    version: 4.1.5
  espressif/cmake_utilities:
    component_hash: 05165f30922b422b4b90c08845e6d449329b97370fbd06309803d8cb539d79e3
    dependencies:
    - name: idf
      require: private
      version: '>=4.1'
    source:
      registry_url: https://components.espressif.com
      type: service
    version: 1.1.1
  espressif/esp-idf-cxx:
    component_hash: 2fa63e4e725f0c2d3dd6d99da8a91d404b4b49667088b1be0f336eb9c13ff17f
    dependencies:
    - name: idf
      require: private
      version: '>=5.0'
    source:
      registry_url: https://components.espressif.com/
      type: service
    version: 1.0.2-beta
  espressif/esp_lvgl_port:
    component_hash: c9f6e0fc5cb4cbe8c1a868d3d37f53e35669341019e20996da9b42c9b92225f6
    dependencies:
    - name: idf
      version: '>=5.1'
    - name: lvgl/lvgl
      public: true
      version: '>=8,<10'
    source:
      git: https://github.com/espressif/esp-bsp.git
      path: components/esp_lvgl_port
      type: git
    version: 445ce421e4f0ff6b2c582969ff61e19252bd44fe
  hiruna/esp-idf-aw9364:
    component_hash: 4564086e52d5a39b267243f32cf9318b3ff9ae43180634f533b5a970b8812e8c
    dependencies: []
    source:
      git: https://github.com/hvogeler/esp-idf-aw9364.git
      path: .
      type: git
    version: 88960d249a5219e4e4a2f0715b9444954b005e93
  hvo/bmp280:
    component_hash: 7f04463f2b2f9528908e079964138c57022de1468aa990a4dccca0dddc651eb3
    dependencies:
    - name: idf
      version: '>=5.0.0'
    - git: https://github.com/hvogeler/esp-components.git
      name: hvo/i2c
      path: i2c
      version: '*'
    source:
      git: https://github.com/hvogeler/esp-components.git
      path: bmp280
      type: git
    version: 492486106d7330bf9e6bc07360adea8451aea1fb
  hvo/i2c:
    component_hash: 93fb1b41675598555ae574bbcfb0749a300bfae5d27e8a4170008521015d3f88
    dependencies:
    - name: idf
      version: '>=5.0.0'
    source:
      git: https://github.com/hvogeler/esp-components.git
      path: i2c
      type: git
    version: dfc0cb2f15fdfe9d6887616afba22ffb23aff34b
  hvo/nvs:
    component_hash: a53e6402d3147270928009e74fc1e9f0949542c720d72269fb14706ce30683b6
    dependencies:
    - name: idf
      version: '>=5.0.0'
    source:
      git: https://github.com/hvogeler/esp-components.git
      path: nvs
      type: git
    version: 492486106d7330bf9e6bc07360adea8451aea1fb
  hvo/tdisplays3:
    component_hash: 627b8d0733afb2e8a2d7a67264984e2368d94f23b17a9fade2d3ba703b73eecb
    dependencies:
    - name: idf
      version: '>=5.0.0'
    - git: https://github.com/hvogeler/esp-idf-aw9364.git
      name: hiruna/esp-idf-aw9364
      version: main
    source:
      git: https://github.com/hvogeler/esp-components.git
      path: tdisplays3
      type: git
    version: 492486106d7330bf9e6bc07360adea8451aea1fb
  hvo/wifi:
    component_hash: d38cc407ac000d3232ba243097f767c8fd1152c53a2ce146f7af6bab009f542f
    dependencies:
    - name: idf
      version: '>=5.0.0'
    - git: https://github.com/hvogeler/esp-components.git
      name: hvo/nvs
      path: nvs
      version: '*'
    source:
      git: https://github.com/hvogeler/esp-components.git
      path: wifi
      type: git
    version: dfc0cb2f15fdfe9d6887616afba22ffb23aff34b
  idf:
    source:
      type: idf
    version: 5.5.3
  lvgl/lvgl:
    component_hash: 17e68bfd21f0edf4c3ee838e2273da840bf3930e5dbc3bfa6c1190c3aed41f9f
    dependencies: []
    source:
      registry_url: https://components.espressif.com/
      type: service
    version: 9.4.0
direct_dependencies:
- espressif/button
- espressif/esp-idf-cxx
- espressif/esp_lvgl_port
- hiruna/esp-idf-aw9364
- hvo/bmp280
- hvo/i2c
- hvo/nvs
- hvo/tdisplays3
- hvo/wifi
- idf
- lvgl/lvgl
manifest_hash: 67f4113133d89fe54abddfe30368495eff1b7235107f391ad41b8a3f3abb3456
target: esp32s3
version: 2.0.0
